
Microsoft Visual Studio Solution File, Format Version 12.00
# Visual Studio Version 16
VisualStudioVersion = 16.0.31313.79
MinimumVisualStudioVersion = 10.0.40219.1
Project("{9A19103F-16F7-4668-BE54-9A1E7A4F7556}") = "PersonalBlog.Api", "PersonalBlog.Api\PersonalBlog.Api.csproj", "{3B863276-3916-412B-A374-D25483D12CEC}"
EndProject
Project("{9A19103F-16F7-4668-BE54-9A1E7A4F7556}") = "PersonalBlog.Services", "PersonalBlog.Services\PersonalBlog.Services.csproj", "{461BDB27-FC75-4F1A-8A2F-F74C8F192320}"
EndProject
Project("{9A19103F-16F7-4668-BE54-9A1E7A4F7556}") = "PersonalBlog.DataAccess", "PersonalBlog.DataAccess\PersonalBlog.DataAccess.csproj", "{1AA535CC-25FC-483D-BE41-844FCA9B18A6}"
EndProject
Project("{2150E333-8FDC-42A3-9474-1A3956D46DE8}") = "Tests", "Tests", "{110ACB33-C22C-4B81-B927-E89B5D9C4BE6}"
EndProject
Project("{FAE04EC0-301F-11D3-BF4B-00C04F79EFBC}") = "PersonalBlog.DataAccess.UnitTests", "PersonalBlog.DataAccess.UnitTests\PersonalBlog.DataAccess.UnitTests.csproj", "{048ECFD3-F320-41C2-9734-10BD8CEEBC6E}"
EndProject
Project("{FAE04EC0-301F-11D3-BF4B-00C04F79EFBC}") = "PersonalBlog.Services.IntegrationTests", "PersonalBlog.Services.IntegrationTests\PersonalBlog.Services.IntegrationTests.csproj", "{12035690-F6FC-4B35-899D-48DE0ADEAB93}"
EndProject
Global
	GlobalSection(SolutionConfigurationPlatforms) = preSolution
		Debug|Any CPU = Debug|Any CPU
		Release|Any CPU = Release|Any CPU
	EndGlobalSection
	GlobalSection(ProjectConfigurationPlatforms) = postSolution
		{3B863276-3916-412B-A374-D25483D12CEC}.Debug|Any CPU.ActiveCfg = Debug|Any CPU
		{3B863276-3916-412B-A374-D25483D12CEC}.Debug|Any CPU.Build.0 = Debug|Any CPU
		{3B863276-3916-412B-A374-D25483D12CEC}.Release|Any CPU.ActiveCfg = Release|Any CPU
		{3B863276-3916-412B-A374-D25483D12CEC}.Release|Any CPU.Build.0 = Release|Any CPU
		{461BDB27-FC75-4F1A-8A2F-F74C8F192320}.Debug|Any CPU.ActiveCfg = Debug|Any CPU
		{461BDB27-FC75-4F1A-8A2F-F74C8F192320}.Debug|Any CPU.Build.0 = Debug|Any CPU
		{461BDB27-FC75-4F1A-8A2F-F74C8F192320}.Release|Any CPU.ActiveCfg = Release|Any CPU
		{461BDB27-FC75-4F1A-8A2F-F74C8F192320}.Release|Any CPU.Build.0 = Release|Any CPU
		{1AA535CC-25FC-483D-BE41-844FCA9B18A6}.Debug|Any CPU.ActiveCfg = Debug|Any CPU
		{1AA535CC-25FC-483D-BE41-844FCA9B18A6}.Debug|Any CPU.Build.0 = Debug|Any CPU
		{1AA535CC-25FC-483D-BE41-844FCA9B18A6}.Release|Any CPU.ActiveCfg = Release|Any CPU
		{1AA535CC-25FC-483D-BE41-844FCA9B18A6}.Release|Any CPU.Build.0 = Release|Any CPU
		{048ECFD3-F320-41C2-9734-10BD8CEEBC6E}.Debug|Any CPU.ActiveCfg = Debug|Any CPU
		{048ECFD3-F320-41C2-9734-10BD8CEEBC6E}.Debug|Any CPU.Build.0 = Debug|Any CPU
		{048ECFD3-F320-41C2-9734-10BD8CEEBC6E}.Release|Any CPU.ActiveCfg = Release|Any CPU
		{048ECFD3-F320-41C2-9734-10BD8CEEBC6E}.Release|Any CPU.Build.0 = Release|Any CPU
		{12035690-F6FC-4B35-899D-48DE0ADEAB93}.Debug|Any CPU.ActiveCfg = Debug|Any CPU
		{12035690-F6FC-4B35-899D-48DE0ADEAB93}.Debug|Any CPU.Build.0 = Debug|Any CPU
		{12035690-F6FC-4B35-899D-48DE0ADEAB93}.Release|Any CPU.ActiveCfg = Release|Any CPU
		{12035690-F6FC-4B35-899D-48DE0ADEAB93}.Release|Any CPU.Build.0 = Release|Any CPU
	EndGlobalSection
	GlobalSection(SolutionProperties) = preSolution
		HideSolutionNode = FALSE
	EndGlobalSection
	GlobalSection(NestedProjects) = preSolution
		{048ECFD3-F320-41C2-9734-10BD8CEEBC6E} = {110ACB33-C22C-4B81-B927-E89B5D9C4BE6}
		{12035690-F6FC-4B35-899D-48DE0ADEAB93} = {110ACB33-C22C-4B81-B927-E89B5D9C4BE6}
	EndGlobalSection
	GlobalSection(ExtensibilityGlobals) = postSolution
		SolutionGuid = {E6F861FF-E120-4B1C-99AE-67554E9E6C9D}
	EndGlobalSection
EndGlobal
