
Microsoft Visual Studio Solution File, Format Version 12.00
# Visual Studio 15
VisualStudioVersion = 15.0.28307.572
MinimumVisualStudioVersion = 10.0.40219.1
Project("{FAE04EC0-301F-11D3-BF4B-00C04F79EFBC}") = "PersonalBlog.Api", "PersonalBlog.Api\PersonalBlog.Api.csproj", "{3B863276-3916-412B-A374-D25483D12CEC}"
EndProject
Global
	GlobalSection(SolutionConfigurationPlatforms) = preSolution
		Debug|Any CPU = Debug|Any CPU
		Release|Any CPU = Release|Any CPU
	EndGlobalSection
	GlobalSection(ProjectConfigurationPlatforms) = postSolution
		{3B863276-3916-412B-A374-D25483D12CEC}.Debug|Any CPU.ActiveCfg = Debug|Any CPU
		{3B863276-3916-412B-A374-D25483D12CEC}.Debug|Any CPU.Build.0 = Debug|Any CPU
		{3B863276-3916-412B-A374-D25483D12CEC}.Release|Any CPU.ActiveCfg = Release|Any CPU
		{3B863276-3916-412B-A374-D25483D12CEC}.Release|Any CPU.Build.0 = Release|Any CPU
	EndGlobalSection
	GlobalSection(SolutionProperties) = preSolution
		HideSolutionNode = FALSE
	EndGlobalSection
	GlobalSection(ExtensibilityGlobals) = postSolution
		SolutionGuid = {E6F861FF-E120-4B1C-99AE-67554E9E6C9D}
	EndGlobalSection
EndGlobal
